PODS:
  - IQKeyboardManagerSwift (6.5.10)
  - SnapKit (5.6.0)
  - SwiftGen (6.5.1)

DEPENDENCIES:
  - IQKeyboardManagerSwift
  - SnapKit
  - SwiftGen

SPEC REPOS:
  trunk:
    - IQKeyboardManagerSwift
    - SnapKit
    - SwiftGen

SPEC CHECKSUMS:
  IQKeyboardManagerSwift: 52962c76ab33532f15ad9f3ff4e5715eda5335bb
  SnapKit: e01d52ebb8ddbc333eefe2132acf85c8227d9c25
  SwiftGen: a6d22010845f08fe18fbdf3a07a8e380fd22e0ea

PODFILE CHECKSUM: 09127b3a2f27e73cc061aa129517bdee6f3c6657

COCOAPODS: 1.11.3
