// !$*UTF8*$!
{
	archiveVersion = 1;
	classes = {
	};
	objectVersion = 55;
	objects = {

/* Begin PBXBuildFile section */
		3462623A29213F969545CC16 /* Pods_MedTech.framework in Frameworks */ = {isa = PBXBuildFile; fileRef = 4E31A1E59CBAD484A0CAD671 /* Pods_MedTech.framework */; };
		3C491005285DD8B70047A02A /* Colors.xcassets in Resources */ = {isa = PBXBuildFile; fileRef = 3C491004285DD8B70047A02A /* Colors.xcassets */; };
		3C491008285DDA180047A02A /* GeneratedFonts.swift in Sources */ = {isa = PBXBuildFile; fileRef = 3C491007285DDA180047A02A /* GeneratedFonts.swift */; };
		3C49100C285DE1E90047A02A /* Images.xcassets in Resources */ = {isa = PBXBuildFile; fileRef = 3C49100B285DE1E90047A02A /* Images.xcassets */; };
		3C49100E285DE2B30047A02A /* GeneratedIcons.swift in Sources */ = {isa = PBXBuildFile; fileRef = 3C49100D285DE2B30047A02A /* GeneratedIcons.swift */; };
		A9017880284A6CBF00FFFBA2 /* LoginViewController.swift in Sources */ = {isa = PBXBuildFile; fileRef = A901787F284A6CBF00FFFBA2 /* LoginViewController.swift */; };
		A9017882284A6CDB00FFFBA2 /* AppointentViewController.swift in Sources */ = {isa = PBXBuildFile; fileRef = A9017881284A6CDB00FFFBA2 /* AppointentViewController.swift */; };
		A9017884284A6CEC00FFFBA2 /* ChecklistViewController.swift in Sources */ = {isa = PBXBuildFile; fileRef = A9017883284A6CEC00FFFBA2 /* ChecklistViewController.swift */; };
		A9017886284A6CF700FFFBA2 /* ProfileViewController.swift in Sources */ = {isa = PBXBuildFile; fileRef = A9017885284A6CF700FFFBA2 /* ProfileViewController.swift */; };
		A9017888284A6D2300FFFBA2 /* TabBarViewController.swift in Sources */ = {isa = PBXBuildFile; fileRef = A9017887284A6D2300FFFBA2 /* TabBarViewController.swift */; };
		A906FE6628806A7900FF3E92 /* AppointmentsRouter.swift in Sources */ = {isa = PBXBuildFile; fileRef = A906FE6528806A7900FF3E92 /* AppointmentsRouter.swift */; };
		A906FE6928806B5A00FF3E92 /* AppoitmentViewModel.swift in Sources */ = {isa = PBXBuildFile; fileRef = A906FE6828806B5A00FF3E92 /* AppoitmentViewModel.swift */; };
		A906FE6B28806BA300FF3E92 /* DoctorVisit.swift in Sources */ = {isa = PBXBuildFile; fileRef = A906FE6A28806BA200FF3E92 /* DoctorVisit.swift */; };
		A906FE6D28806D7900FF3E92 /* TimeModel.swift in Sources */ = {isa = PBXBuildFile; fileRef = A906FE6C28806D7900FF3E92 /* TimeModel.swift */; };
		A9192F9828825FDB00EC5F19 /* Clinic.swift in Sources */ = {isa = PBXBuildFile; fileRef = A9192F9728825FDB00EC5F19 /* Clinic.swift */; };
		A9192F9A2882600B00EC5F19 /* ClinicRouter.swift in Sources */ = {isa = PBXBuildFile; fileRef = A9192F992882600B00EC5F19 /* ClinicRouter.swift */; };
		A9192F9C28826EAB00EC5F19 /* ProfileView.swift in Sources */ = {isa = PBXBuildFile; fileRef = A9192F9B28826EAB00EC5F19 /* ProfileView.swift */; };
		A91DF79128636FA800C79BDF /* EmailTextField.swift in Sources */ = {isa = PBXBuildFile; fileRef = A91DF79028636FA800C79BDF /* EmailTextField.swift */; };
		A91DF793286371B400C79BDF /* PasswordTextField.swift in Sources */ = {isa = PBXBuildFile; fileRef = A91DF792286371B400C79BDF /* PasswordTextField.swift */; };
		A91DF7952863726200C79BDF /* LoginButton.swift in Sources */ = {isa = PBXBuildFile; fileRef = A91DF7942863726200C79BDF /* LoginButton.swift */; };
		A91DF797286374A600C79BDF /* BaseViewController.swift in Sources */ = {isa = PBXBuildFile; fileRef = A91DF796286374A600C79BDF /* BaseViewController.swift */; };
		A93D2EB8287541E300DEE1BF /* ProfileViewModel.swift in Sources */ = {isa = PBXBuildFile; fileRef = A93D2EB7287541E300DEE1BF /* ProfileViewModel.swift */; };
		A93D2EBA28754EBD00DEE1BF /* NewPasswordViewModel.swift in Sources */ = {isa = PBXBuildFile; fileRef = A93D2EB928754EBD00DEE1BF /* NewPasswordViewModel.swift */; };
		A93D2EBC28755D5600DEE1BF /* ForgotPassword.swift in Sources */ = {isa = PBXBuildFile; fileRef = A93D2EBB28755D5600DEE1BF /* ForgotPassword.swift */; };
		A9486B46285CE66500E54DAC /* ForgotPasswordViewController.swift in Sources */ = {isa = PBXBuildFile; fileRef = A9486B45285CE66500E54DAC /* ForgotPasswordViewController.swift */; };
		A9486B48285CE69200E54DAC /* NewPasswordViewController.swift in Sources */ = {isa = PBXBuildFile; fileRef = A9486B47285CE69200E54DAC /* NewPasswordViewController.swift */; };
		A95E5C022875668E00F7D575 /* ForgotPasswordViewModel.swift in Sources */ = {isa = PBXBuildFile; fileRef = A95E5C012875668E00F7D575 /* ForgotPasswordViewModel.swift */; };
		A95E5C0528756E2B00F7D575 /* CodeViewController.swift in Sources */ = {isa = PBXBuildFile; fileRef = A95E5C0428756E2B00F7D575 /* CodeViewController.swift */; };
		A95E5C082875748000F7D575 /* CodeViewModel.swift in Sources */ = {isa = PBXBuildFile; fileRef = A95E5C072875748000F7D575 /* CodeViewModel.swift */; };
		A970D74C28871F32003B22FD /* ReservedDates.swift in Sources */ = {isa = PBXBuildFile; fileRef = A970D74B28871F32003B22FD /* ReservedDates.swift */; };
		A971FB7F287D690800CC5E30 /* BabyDevelopmentRouter.swift in Sources */ = {isa = PBXBuildFile; fileRef = A971FB7E287D690800CC5E30 /* BabyDevelopmentRouter.swift */; };
		A971FB84287D6A1600CC5E30 /* WeekModel.swift in Sources */ = {isa = PBXBuildFile; fileRef = A971FB83287D6A1600CC5E30 /* WeekModel.swift */; };
		A971FB86287D6A6900CC5E30 /* HomeViewModel.swift in Sources */ = {isa = PBXBuildFile; fileRef = A971FB85287D6A6900CC5E30 /* HomeViewModel.swift */; };
		A979965C2845FEAE00454CEF /* AppDelegate.swift in Sources */ = {isa = PBXBuildFile; fileRef = A979965B2845FEAE00454CEF /* AppDelegate.swift */; };
		A979965E2845FEAE00454CEF /* SceneDelegate.swift in Sources */ = {isa = PBXBuildFile; fileRef = A979965D2845FEAE00454CEF /* SceneDelegate.swift */; };
		A97996602845FEAE00454CEF /* HomeViewController.swift in Sources */ = {isa = PBXBuildFile; fileRef = A979965F2845FEAE00454CEF /* HomeViewController.swift */; };
		A97996652845FEAF00454CEF /* Assets.xcassets in Resources */ = {isa = PBXBuildFile; fileRef = A97996642845FEAF00454CEF /* Assets.xcassets */; };
		A97996682845FEAF00454CEF /* LaunchScreen.storyboard in Resources */ = {isa = PBXBuildFile; fileRef = A97996662845FEAF00454CEF /* LaunchScreen.storyboard */; };
		A97F4A442882A29D00FEEBA9 /* Patient.swift in Sources */ = {isa = PBXBuildFile; fileRef = A97F4A432882A29D00FEEBA9 /* Patient.swift */; };
		A97F4A462882A36000FEEBA9 /* ProfileRouter.swift in Sources */ = {isa = PBXBuildFile; fileRef = A97F4A452882A36000FEEBA9 /* ProfileRouter.swift */; };
		A97FC05F287753FA00B689C1 /* CodeTextField.swift in Sources */ = {isa = PBXBuildFile; fileRef = A97FC05E287753FA00B689C1 /* CodeTextField.swift */; };
		A9A35525287EFF8200116E7E /* Day.swift in Sources */ = {isa = PBXBuildFile; fileRef = A9A35524287EFF8200116E7E /* Day.swift */; };
		A9A35527287F040B00116E7E /* Time.swift in Sources */ = {isa = PBXBuildFile; fileRef = A9A35526287F040B00116E7E /* Time.swift */; };
		A9A35530287FED5200116E7E /* AppointmentView.swift in Sources */ = {isa = PBXBuildFile; fileRef = A9A3552F287FED5200116E7E /* AppointmentView.swift */; };
		A9B1B3F22863639900D15021 /* swiftgen.yml in Resources */ = {isa = PBXBuildFile; fileRef = 3C491002285DD8360047A02A /* swiftgen.yml */; };
		A9C77FC9287E9DED00AB6768 /* TimeCollectionViewCell.swift in Sources */ = {isa = PBXBuildFile; fileRef = A9C77FC8287E9DEC00AB6768 /* TimeCollectionViewCell.swift */; };
		A9DDAA6A2874946200FB0257 /* NetworkService.swift in Sources */ = {isa = PBXBuildFile; fileRef = A9DDAA602874946200FB0257 /* NetworkService.swift */; };
		A9DDAA6B2874946200FB0257 /* BaseRouter.swift in Sources */ = {isa = PBXBuildFile; fileRef = A9DDAA612874946200FB0257 /* BaseRouter.swift */; };
		A9DDAA6C2874946200FB0257 /* StatusCode.swift in Sources */ = {isa = PBXBuildFile; fileRef = A9DDAA632874946200FB0257 /* StatusCode.swift */; };
		A9DDAA6D2874946200FB0257 /* ProResult.swift in Sources */ = {isa = PBXBuildFile; fileRef = A9DDAA642874946200FB0257 /* ProResult.swift */; };
		A9DDAA6E2874946200FB0257 /* NetworkErrors.swift in Sources */ = {isa = PBXBuildFile; fileRef = A9DDAA652874946200FB0257 /* NetworkErrors.swift */; };
		A9DDAA6F2874946200FB0257 /* HttpMethod.swift in Sources */ = {isa = PBXBuildFile; fileRef = A9DDAA662874946200FB0257 /* HttpMethod.swift */; };
		A9DDAA702874946200FB0257 /* HttpHeader.swift in Sources */ = {isa = PBXBuildFile; fileRef = A9DDAA672874946200FB0257 /* HttpHeader.swift */; };
		A9DDAA712874946200FB0257 /* FailureModel.swift in Sources */ = {isa = PBXBuildFile; fileRef = A9DDAA692874946200FB0257 /* FailureModel.swift */; };
		A9DDAA732874947500FB0257 /* UserDefaultsService.swift in Sources */ = {isa = PBXBuildFile; fileRef = A9DDAA722874947500FB0257 /* UserDefaultsService.swift */; };
		A9DDAA752874953600FB0257 /* SignIn.swift in Sources */ = {isa = PBXBuildFile; fileRef = A9DDAA742874953600FB0257 /* SignIn.swift */; };
		A9DDAA79287495DB00FB0257 /* SignInViewModel.swift in Sources */ = {isa = PBXBuildFile; fileRef = A9DDAA78287495DB00FB0257 /* SignInViewModel.swift */; };
		A9DDAA7B2874A29700FB0257 /* AuthRouter.swift in Sources */ = {isa = PBXBuildFile; fileRef = A9DDAA7A2874A29700FB0257 /* AuthRouter.swift */; };
		A9DDAA7E2874A2C600FB0257 /* UserRouter.swift in Sources */ = {isa = PBXBuildFile; fileRef = A9DDAA7D2874A2C600FB0257 /* UserRouter.swift */; };
		A9E6C54C2878140B004FC946 /* CodeModel.swift in Sources */ = {isa = PBXBuildFile; fileRef = A9E6C54B2878140B004FC946 /* CodeModel.swift */; };
		A9E6C5502878192E004FC946 /* MoreChecklistViewController.swift in Sources */ = {isa = PBXBuildFile; fileRef = A9E6C54F2878192E004FC946 /* MoreChecklistViewController.swift */; };
		A9EA7134288681F70004961B /* WeekTableViewCell.swift in Sources */ = {isa = PBXBuildFile; fileRef = A9EA7133288681F70004961B /* WeekTableViewCell.swift */; };
		A9EF509B287AAD85005DF870 /* ChecklistTableViewCell.swift in Sources */ = {isa = PBXBuildFile; fileRef = A9EF509A287AAD85005DF870 /* ChecklistTableViewCell.swift */; };
		A9EF509E287AAF0B005DF870 /* Checklist.swift in Sources */ = {isa = PBXBuildFile; fileRef = A9EF509D287AAF0B005DF870 /* Checklist.swift */; };
		A9EF50A5287AC36F005DF870 /* SF-Pro-Text-Medium.otf in Resources */ = {isa = PBXBuildFile; fileRef = A9EF50A2287AC274005DF870 /* SF-Pro-Text-Medium.otf */; };
		A9EF50A6287AC372005DF870 /* SF-Pro-Text-Regular.otf in Resources */ = {isa = PBXBuildFile; fileRef = A9EF50A4287AC274005DF870 /* SF-Pro-Text-Regular.otf */; };
		A9EF50A7287AC374005DF870 /* SF-Pro-Text-Semibold.otf in Resources */ = {isa = PBXBuildFile; fileRef = A9EF50A3287AC274005DF870 /* SF-Pro-Text-Semibold.otf */; };
		A9EF50A9287AD7EE005DF870 /* HideButton.swift in Sources */ = {isa = PBXBuildFile; fileRef = A9EF50A8287AD7EE005DF870 /* HideButton.swift */; };
		A9F2BEA9287B20FF00AA83A4 /* CalendarHelper.swift in Sources */ = {isa = PBXBuildFile; fileRef = A9F2BEA8287B20FF00AA83A4 /* CalendarHelper.swift */; };
		A9F2BEAB287B232800AA83A4 /* CalendarCollectionViewCell.swift in Sources */ = {isa = PBXBuildFile; fileRef = A9F2BEAA287B232800AA83A4 /* CalendarCollectionViewCell.swift */; };
		AE5045FA2859F3D40047CA62 /* AppUtility.swift in Sources */ = {isa = PBXBuildFile; fileRef = AE5045F92859F3D40047CA62 /* AppUtility.swift */; };
		AE7EAEA32881D3AF003A01EB /* EditProfileViewController.swift in Sources */ = {isa = PBXBuildFile; fileRef = AE7EAEA22881D3AF003A01EB /* EditProfileViewController.swift */; };
		AEBD46C4285C7E6D00298A53 /* NotificationsViewController.swift in Sources */ = {isa = PBXBuildFile; fileRef = AEBD46C3285C7E6D00298A53 /* NotificationsViewController.swift */; };
		AEE1C1D6287AD14000D72075 /* TableViewCell.swift in Sources */ = {isa = PBXBuildFile; fileRef = AEE1C1D5287AD14000D72075 /* TableViewCell.swift */; };
		AEE1C1D9287AD16800D72075 /* TableViewController.swift in Sources */ = {isa = PBXBuildFile; fileRef = AEE1C1D8287AD16800D72075 /* TableViewController.swift */; };
		AEE1C1DB287AD1C200D72075 /* DoctorTableViewController.swift in Sources */ = {isa = PBXBuildFile; fileRef = AEE1C1DA287AD1C200D72075 /* DoctorTableViewController.swift */; };
		AEE1C1DD287AD1CF00D72075 /* AppointmentTableViewController.swift in Sources */ = {isa = PBXBuildFile; fileRef = AEE1C1DC287AD1CF00D72075 /* AppointmentTableViewController.swift */; };
		AEE1C1DF287ADA8F00D72075 /* AppointmentTableViewCell.swift in Sources */ = {isa = PBXBuildFile; fileRef = AEE1C1DE287ADA8F00D72075 /* AppointmentTableViewCell.swift */; };
		AEFD2AFB2859F6CD001A6E25 /* CollectionViewCell.swift in Sources */ = {isa = PBXBuildFile; fileRef = AEFD2AFA2859F6CD001A6E25 /* CollectionViewCell.swift */; };
/* End PBXBuildFile section */

/* Begin PBXFileReference section */
		3C491002285DD8360047A02A /* swiftgen.yml */ = {isa = PBXFileReference; lastKnownFileType = text.yaml; path = swiftgen.yml; sourceTree = "<group>"; };
		3C491004285DD8B70047A02A /* Colors.xcassets */ = {isa = PBXFileReference; lastKnownFileType = folder.assetcatalog; path = Colors.xcassets; sourceTree = "<group>"; };
		3C491007285DDA180047A02A /* GeneratedFonts.swift */ = {isa = PBXFileReference; fileEncoding = 4; lastKnownFileType = sourcecode.swift; path = GeneratedFonts.swift; sourceTree = "<group>"; };
		3C49100B285DE1E90047A02A /* Images.xcassets */ = {isa = PBXFileReference; lastKnownFileType = folder.assetcatalog; path = Images.xcassets; sourceTree = "<group>"; };
		3C49100D285DE2B30047A02A /* GeneratedIcons.swift */ = {isa = PBXFileReference; fileEncoding = 4; lastKnownFileType = sourcecode.swift; path = GeneratedIcons.swift; sourceTree = "<group>"; };
		4E31A1E59CBAD484A0CAD671 /* Pods_MedTech.framework */ = {isa = PBXFileReference; explicitFileType = wrapper.framework; includeInIndex = 0; path = Pods_MedTech.framework; sourceTree = BUILT_PRODUCTS_DIR; };
		92FE2E667328E6DFEC194CBD /* Pods-MedTech.release.xcconfig */ = {isa = PBXFileReference; includeInIndex = 1; lastKnownFileType = text.xcconfig; name = "Pods-MedTech.release.xcconfig"; path = "Target Support Files/Pods-MedTech/Pods-MedTech.release.xcconfig"; sourceTree = "<group>"; };
		A901787F284A6CBF00FFFBA2 /* LoginViewController.swift */ = {isa = PBXFileReference; lastKnownFileType = sourcecode.swift; path = LoginViewController.swift; sourceTree = "<group>"; };
		A9017881284A6CDB00FFFBA2 /* AppointentViewController.swift */ = {isa = PBXFileReference; lastKnownFileType = sourcecode.swift; path = AppointentViewController.swift; sourceTree = "<group>"; };
		A9017883284A6CEC00FFFBA2 /* ChecklistViewController.swift */ = {isa = PBXFileReference; lastKnownFileType = sourcecode.swift; path = ChecklistViewController.swift; sourceTree = "<group>"; };
		A9017885284A6CF700FFFBA2 /* ProfileViewController.swift */ = {isa = PBXFileReference; lastKnownFileType = sourcecode.swift; path = ProfileViewController.swift; sourceTree = "<group>"; };
		A9017887284A6D2300FFFBA2 /* TabBarViewController.swift */ = {isa = PBXFileReference; lastKnownFileType = sourcecode.swift; path = TabBarViewController.swift; sourceTree = "<group>"; };
		A906FE6528806A7900FF3E92 /* AppointmentsRouter.swift */ = {isa = PBXFileReference; lastKnownFileType = sourcecode.swift; path = AppointmentsRouter.swift; sourceTree = "<group>"; };
		A906FE6828806B5A00FF3E92 /* AppoitmentViewModel.swift */ = {isa = PBXFileReference; lastKnownFileType = sourcecode.swift; path = AppoitmentViewModel.swift; sourceTree = "<group>"; };
		A906FE6A28806BA200FF3E92 /* DoctorVisit.swift */ = {isa = PBXFileReference; lastKnownFileType = sourcecode.swift; path = DoctorVisit.swift; sourceTree = "<group>"; };
		A906FE6C28806D7900FF3E92 /* TimeModel.swift */ = {isa = PBXFileReference; lastKnownFileType = sourcecode.swift; path = TimeModel.swift; sourceTree = "<group>"; };
		A9192F9728825FDB00EC5F19 /* Clinic.swift */ = {isa = PBXFileReference; lastKnownFileType = sourcecode.swift; path = Clinic.swift; sourceTree = "<group>"; };
		A9192F992882600B00EC5F19 /* ClinicRouter.swift */ = {isa = PBXFileReference; lastKnownFileType = sourcecode.swift; path = ClinicRouter.swift; sourceTree = "<group>"; };
		A9192F9B28826EAB00EC5F19 /* ProfileView.swift */ = {isa = PBXFileReference; lastKnownFileType = sourcecode.swift; path = ProfileView.swift; sourceTree = "<group>"; };
		A91DF79028636FA800C79BDF /* EmailTextField.swift */ = {isa = PBXFileReference; lastKnownFileType = sourcecode.swift; path = EmailTextField.swift; sourceTree = "<group>"; };
		A91DF792286371B400C79BDF /* PasswordTextField.swift */ = {isa = PBXFileReference; lastKnownFileType = sourcecode.swift; path = PasswordTextField.swift; sourceTree = "<group>"; };
		A91DF7942863726200C79BDF /* LoginButton.swift */ = {isa = PBXFileReference; lastKnownFileType = sourcecode.swift; path = LoginButton.swift; sourceTree = "<group>"; };
		A91DF796286374A600C79BDF /* BaseViewController.swift */ = {isa = PBXFileReference; lastKnownFileType = sourcecode.swift; path = BaseViewController.swift; sourceTree = "<group>"; };
		A93D2EB7287541E300DEE1BF /* ProfileViewModel.swift */ = {isa = PBXFileReference; lastKnownFileType = sourcecode.swift; path = ProfileViewModel.swift; sourceTree = "<group>"; };
		A93D2EB928754EBD00DEE1BF /* NewPasswordViewModel.swift */ = {isa = PBXFileReference; lastKnownFileType = sourcecode.swift; path = NewPasswordViewModel.swift; sourceTree = "<group>"; };
		A93D2EBB28755D5600DEE1BF /* ForgotPassword.swift */ = {isa = PBXFileReference; lastKnownFileType = sourcecode.swift; path = ForgotPassword.swift; sourceTree = "<group>"; };
		A9486B45285CE66500E54DAC /* ForgotPasswordViewController.swift */ = {isa = PBXFileReference; lastKnownFileType = sourcecode.swift; path = ForgotPasswordViewController.swift; sourceTree = "<group>"; };
		A9486B47285CE69200E54DAC /* NewPasswordViewController.swift */ = {isa = PBXFileReference; lastKnownFileType = sourcecode.swift; path = NewPasswordViewController.swift; sourceTree = "<group>"; };
		A95E5C012875668E00F7D575 /* ForgotPasswordViewModel.swift */ = {isa = PBXFileReference; lastKnownFileType = sourcecode.swift; path = ForgotPasswordViewModel.swift; sourceTree = "<group>"; };
		A95E5C0428756E2B00F7D575 /* CodeViewController.swift */ = {isa = PBXFileReference; lastKnownFileType = sourcecode.swift; path = CodeViewController.swift; sourceTree = "<group>"; };
		A95E5C072875748000F7D575 /* CodeViewModel.swift */ = {isa = PBXFileReference; lastKnownFileType = sourcecode.swift; path = CodeViewModel.swift; sourceTree = "<group>"; };
		A970D74B28871F32003B22FD /* ReservedDates.swift */ = {isa = PBXFileReference; lastKnownFileType = sourcecode.swift; path = ReservedDates.swift; sourceTree = "<group>"; };
		A971FB7E287D690800CC5E30 /* BabyDevelopmentRouter.swift */ = {isa = PBXFileReference; lastKnownFileType = sourcecode.swift; path = BabyDevelopmentRouter.swift; sourceTree = "<group>"; };
		A971FB83287D6A1600CC5E30 /* WeekModel.swift */ = {isa = PBXFileReference; lastKnownFileType = sourcecode.swift; path = WeekModel.swift; sourceTree = "<group>"; };
		A971FB85287D6A6900CC5E30 /* HomeViewModel.swift */ = {isa = PBXFileReference; lastKnownFileType = sourcecode.swift; path = HomeViewModel.swift; sourceTree = "<group>"; };
		A97996582845FEAE00454CEF /* MedTech.app */ = {isa = PBXFileReference; explicitFileType = wrapper.application; includeInIndex = 0; path = MedTech.app; sourceTree = BUILT_PRODUCTS_DIR; };
		A979965B2845FEAE00454CEF /* AppDelegate.swift */ = {isa = PBXFileReference; lastKnownFileType = sourcecode.swift; path = AppDelegate.swift; sourceTree = "<group>"; };
		A979965D2845FEAE00454CEF /* SceneDelegate.swift */ = {isa = PBXFileReference; lastKnownFileType = sourcecode.swift; path = SceneDelegate.swift; sourceTree = "<group>"; };
		A979965F2845FEAE00454CEF /* HomeViewController.swift */ = {isa = PBXFileReference; lastKnownFileType = sourcecode.swift; path = HomeViewController.swift; sourceTree = "<group>"; };
		A97996642845FEAF00454CEF /* Assets.xcassets */ = {isa = PBXFileReference; lastKnownFileType = folder.assetcatalog; path = Assets.xcassets; sourceTree = "<group>"; };
		A97996672845FEAF00454CEF /* Base */ = {isa = PBXFileReference; lastKnownFileType = file.storyboard; name = Base; path = Base.lproj/LaunchScreen.storyboard; sourceTree = "<group>"; };
		A97996692845FEAF00454CEF /* Info.plist */ = {isa = PBXFileReference; lastKnownFileType = text.plist.xml; path = Info.plist; sourceTree = "<group>"; };
		A97F4A432882A29D00FEEBA9 /* Patient.swift */ = {isa = PBXFileReference; lastKnownFileType = sourcecode.swift; path = Patient.swift; sourceTree = "<group>"; };
		A97F4A452882A36000FEEBA9 /* ProfileRouter.swift */ = {isa = PBXFileReference; lastKnownFileType = sourcecode.swift; path = ProfileRouter.swift; sourceTree = "<group>"; };
		A97FC05E287753FA00B689C1 /* CodeTextField.swift */ = {isa = PBXFileReference; lastKnownFileType = sourcecode.swift; path = CodeTextField.swift; sourceTree = "<group>"; };
		A9A35524287EFF8200116E7E /* Day.swift */ = {isa = PBXFileReference; lastKnownFileType = sourcecode.swift; path = Day.swift; sourceTree = "<group>"; };
		A9A35526287F040B00116E7E /* Time.swift */ = {isa = PBXFileReference; lastKnownFileType = sourcecode.swift; path = Time.swift; sourceTree = "<group>"; };
		A9A3552F287FED5200116E7E /* AppointmentView.swift */ = {isa = PBXFileReference; lastKnownFileType = sourcecode.swift; path = AppointmentView.swift; sourceTree = "<group>"; };
		A9C77FC8287E9DEC00AB6768 /* TimeCollectionViewCell.swift */ = {isa = PBXFileReference; lastKnownFileType = sourcecode.swift; path = TimeCollectionViewCell.swift; sourceTree = "<group>"; };
		A9DDAA602874946200FB0257 /* NetworkService.swift */ = {isa = PBXFileReference; fileEncoding = 4; lastKnownFileType = sourcecode.swift; path = NetworkService.swift; sourceTree = "<group>"; };
		A9DDAA612874946200FB0257 /* BaseRouter.swift */ = {isa = PBXFileReference; fileEncoding = 4; lastKnownFileType = sourcecode.swift; path = BaseRouter.swift; sourceTree = "<group>"; };
		A9DDAA632874946200FB0257 /* StatusCode.swift */ = {isa = PBXFileReference; fileEncoding = 4; lastKnownFileType = sourcecode.swift; path = StatusCode.swift; sourceTree = "<group>"; };
		A9DDAA642874946200FB0257 /* ProResult.swift */ = {isa = PBXFileReference; fileEncoding = 4; lastKnownFileType = sourcecode.swift; path = ProResult.swift; sourceTree = "<group>"; };
		A9DDAA652874946200FB0257 /* NetworkErrors.swift */ = {isa = PBXFileReference; fileEncoding = 4; lastKnownFileType = sourcecode.swift; path = NetworkErrors.swift; sourceTree = "<group>"; };
		A9DDAA662874946200FB0257 /* HttpMethod.swift */ = {isa = PBXFileReference; fileEncoding = 4; lastKnownFileType = sourcecode.swift; path = HttpMethod.swift; sourceTree = "<group>"; };
		A9DDAA672874946200FB0257 /* HttpHeader.swift */ = {isa = PBXFileReference; fileEncoding = 4; lastKnownFileType = sourcecode.swift; path = HttpHeader.swift; sourceTree = "<group>"; };
		A9DDAA692874946200FB0257 /* FailureModel.swift */ = {isa = PBXFileReference; fileEncoding = 4; lastKnownFileType = sourcecode.swift; path = FailureModel.swift; sourceTree = "<group>"; };
		A9DDAA722874947500FB0257 /* UserDefaultsService.swift */ = {isa = PBXFileReference; fileEncoding = 4; lastKnownFileType = sourcecode.swift; path = UserDefaultsService.swift; sourceTree = "<group>"; };
		A9DDAA742874953600FB0257 /* SignIn.swift */ = {isa = PBXFileReference; fileEncoding = 4; lastKnownFileType = sourcecode.swift; path = SignIn.swift; sourceTree = "<group>"; };
		A9DDAA78287495DB00FB0257 /* SignInViewModel.swift */ = {isa = PBXFileReference; lastKnownFileType = sourcecode.swift; path = SignInViewModel.swift; sourceTree = "<group>"; };
		A9DDAA7A2874A29700FB0257 /* AuthRouter.swift */ = {isa = PBXFileReference; lastKnownFileType = sourcecode.swift; path = AuthRouter.swift; sourceTree = "<group>"; };
		A9DDAA7D2874A2C600FB0257 /* UserRouter.swift */ = {isa = PBXFileReference; lastKnownFileType = sourcecode.swift; path = UserRouter.swift; sourceTree = "<group>"; };
		A9E6C54B2878140B004FC946 /* CodeModel.swift */ = {isa = PBXFileReference; lastKnownFileType = sourcecode.swift; path = CodeModel.swift; sourceTree = "<group>"; };
		A9E6C54F2878192E004FC946 /* MoreChecklistViewController.swift */ = {isa = PBXFileReference; lastKnownFileType = sourcecode.swift; path = MoreChecklistViewController.swift; sourceTree = "<group>"; };
		A9EA7133288681F70004961B /* WeekTableViewCell.swift */ = {isa = PBXFileReference; lastKnownFileType = sourcecode.swift; path = WeekTableViewCell.swift; sourceTree = "<group>"; };
		A9EF509A287AAD85005DF870 /* ChecklistTableViewCell.swift */ = {isa = PBXFileReference; lastKnownFileType = sourcecode.swift; path = ChecklistTableViewCell.swift; sourceTree = "<group>"; };
		A9EF509D287AAF0B005DF870 /* Checklist.swift */ = {isa = PBXFileReference; lastKnownFileType = sourcecode.swift; path = Checklist.swift; sourceTree = "<group>"; };
		A9EF50A2287AC274005DF870 /* SF-Pro-Text-Medium.otf */ = {isa = PBXFileReference; lastKnownFileType = file; path = "SF-Pro-Text-Medium.otf"; sourceTree = "<group>"; };
		A9EF50A3287AC274005DF870 /* SF-Pro-Text-Semibold.otf */ = {isa = PBXFileReference; lastKnownFileType = file; path = "SF-Pro-Text-Semibold.otf"; sourceTree = "<group>"; };
		A9EF50A4287AC274005DF870 /* SF-Pro-Text-Regular.otf */ = {isa = PBXFileReference; lastKnownFileType = file; path = "SF-Pro-Text-Regular.otf"; sourceTree = "<group>"; };
		A9EF50A8287AD7EE005DF870 /* HideButton.swift */ = {isa = PBXFileReference; lastKnownFileType = sourcecode.swift; path = HideButton.swift; sourceTree = "<group>"; };
		A9F2BEA8287B20FF00AA83A4 /* CalendarHelper.swift */ = {isa = PBXFileReference; fileEncoding = 4; lastKnownFileType = sourcecode.swift; path = CalendarHelper.swift; sourceTree = "<group>"; };
		A9F2BEAA287B232800AA83A4 /* CalendarCollectionViewCell.swift */ = {isa = PBXFileReference; lastKnownFileType = sourcecode.swift; path = CalendarCollectionViewCell.swift; sourceTree = "<group>"; };
		AE5045F92859F3D40047CA62 /* AppUtility.swift */ = {isa = PBXFileReference; lastKnownFileType = sourcecode.swift; path = AppUtility.swift; sourceTree = "<group>"; };
		AE7EAEA22881D3AF003A01EB /* EditProfileViewController.swift */ = {isa = PBXFileReference; lastKnownFileType = sourcecode.swift; path = EditProfileViewController.swift; sourceTree = "<group>"; };
		AEBD46C3285C7E6D00298A53 /* NotificationsViewController.swift */ = {isa = PBXFileReference; lastKnownFileType = sourcecode.swift; path = NotificationsViewController.swift; sourceTree = "<group>"; };
		AEE1C1D5287AD14000D72075 /* TableViewCell.swift */ = {isa = PBXFileReference; lastKnownFileType = sourcecode.swift; path = TableViewCell.swift; sourceTree = "<group>"; };
		AEE1C1D8287AD16800D72075 /* TableViewController.swift */ = {isa = PBXFileReference; lastKnownFileType = sourcecode.swift; path = TableViewController.swift; sourceTree = "<group>"; };
		AEE1C1DA287AD1C200D72075 /* DoctorTableViewController.swift */ = {isa = PBXFileReference; lastKnownFileType = sourcecode.swift; path = DoctorTableViewController.swift; sourceTree = "<group>"; };
		AEE1C1DC287AD1CF00D72075 /* AppointmentTableViewController.swift */ = {isa = PBXFileReference; lastKnownFileType = sourcecode.swift; path = AppointmentTableViewController.swift; sourceTree = "<group>"; };
		AEE1C1DE287ADA8F00D72075 /* AppointmentTableViewCell.swift */ = {isa = PBXFileReference; lastKnownFileType = sourcecode.swift; path = AppointmentTableViewCell.swift; sourceTree = "<group>"; };
		AEFD2AFA2859F6CD001A6E25 /* CollectionViewCell.swift */ = {isa = PBXFileReference; lastKnownFileType = sourcecode.swift; path = CollectionViewCell.swift; sourceTree = "<group>"; };
		C3EA1D763C72A979A4335489 /* Pods-MedTech.debug.xcconfig */ = {isa = PBXFileReference; includeInIndex = 1; lastKnownFileType = text.xcconfig; name = "Pods-MedTech.debug.xcconfig"; path = "Target Support Files/Pods-MedTech/Pods-MedTech.debug.xcconfig"; sourceTree = "<group>"; };
/* End PBXFileReference section */

/* Begin PBXFrameworksBuildPhase section */
		A97996552845FEAE00454CEF /* Frameworks */ = {
			isa = PBXFrameworksBuildPhase;
			buildActionMask = 2147483647;
			files = (
				3462623A29213F969545CC16 /* Pods_MedTech.framework in Frameworks */,
			);
			runOnlyForDeploymentPostprocessing = 0;
		};
/* End PBXFrameworksBuildPhase section */

/* Begin PBXGroup section */
		3E1F9A88C14075D21AF3ED8D /* Frameworks */ = {
			isa = PBXGroup;
			children = (
				4E31A1E59CBAD484A0CAD671 /* Pods_MedTech.framework */,
			);
			name = Frameworks;
			sourceTree = "<group>";
		};
		5B26D6509DEFA9A57C68D6E9 /* Pods */ = {
			isa = PBXGroup;
			children = (
				C3EA1D763C72A979A4335489 /* Pods-MedTech.debug.xcconfig */,
				92FE2E667328E6DFEC194CBD /* Pods-MedTech.release.xcconfig */,
			);
			path = Pods;
			sourceTree = "<group>";
		};
		A901787E284A6C9F00FFFBA2 /* Screens */ = {
			isa = PBXGroup;
			children = (
				A91DF78F28636F7C00C79BDF /* Reusable */,
				A9B1B3F328636BBE00D15021 /* Auth */,
				A9B1B3F528636BFC00D15021 /* Main */,
				A9B1B3F428636BD300D15021 /* TabBar */,
			);
			path = Screens;
			sourceTree = "<group>";
		};
		A906FE6728806B3B00FF3E92 /* ViewModel */ = {
			isa = PBXGroup;
			children = (
				A906FE6828806B5A00FF3E92 /* AppoitmentViewModel.swift */,
			);
			path = ViewModel;
			sourceTree = "<group>";
		};
		A9192F9D2882A23B00EC5F19 /* Model */ = {
			isa = PBXGroup;
			children = (
				A97F4A432882A29D00FEEBA9 /* Patient.swift */,
			);
			path = Model;
			sourceTree = "<group>";
		};
		A91DF78728636ECB00C79BDF /* Login */ = {
			isa = PBXGroup;
			children = (
				A9DDAA812874A69500FB0257 /* Model */,
				A9DDAA7F2874A67D00FB0257 /* View */,
				A9DDAA77287495C300FB0257 /* ViewModel */,
			);
			path = Login;
			sourceTree = "<group>";
		};
		A91DF78828636ED400C79BDF /* ForgotPassword */ = {
			isa = PBXGroup;
			children = (
				A93D2EBD2875662F00DEE1BF /* ViewModel */,
				A9486B45285CE66500E54DAC /* ForgotPasswordViewController.swift */,
			);
			path = ForgotPassword;
			sourceTree = "<group>";
		};
		A91DF78928636EE600C79BDF /* NewPassword */ = {
			isa = PBXGroup;
			children = (
				A9DDAA822874A6A900FB0257 /* Model */,
				A9DDAA802874A68900FB0257 /* View */,
				A9DDAA832874A6B000FB0257 /* ViewModel */,
			);
			path = NewPassword;
			sourceTree = "<group>";
		};
		A91DF78A28636EFA00C79BDF /* Home */ = {
			isa = PBXGroup;
			children = (
				A971FB81287D69C600CC5E30 /* Model */,
				A971FB80287D69C000CC5E30 /* View */,
				A971FB82287D69CB00CC5E30 /* ViewModel */,
			);
			path = Home;
			sourceTree = "<group>";
		};
		A91DF78B28636F0100C79BDF /* Appointment */ = {
			isa = PBXGroup;
			children = (
				A9A3552A287F069600116E7E /* Model */,
				A9A3552B287F06A300116E7E /* View */,
				A906FE6728806B3B00FF3E92 /* ViewModel */,
			);
			path = Appointment;
			sourceTree = "<group>";
		};
		A91DF78C28636F0900C79BDF /* Checklist */ = {
			isa = PBXGroup;
			children = (
				A9EF509C287AAF01005DF870 /* Model */,
				A9EF5097287AAD5B005DF870 /* View */,
			);
			path = Checklist;
			sourceTree = "<group>";
		};
		A91DF78D28636F1100C79BDF /* Profile */ = {
			isa = PBXGroup;
			children = (
				A9192F9D2882A23B00EC5F19 /* Model */,
				A93D2EB6287541D200DEE1BF /* ViewModel */,
				A9017885284A6CF700FFFBA2 /* ProfileViewController.swift */,
				AE7EAEA22881D3AF003A01EB /* EditProfileViewController.swift */,
			);
			path = Profile;
			sourceTree = "<group>";
		};
		A91DF78E28636F1700C79BDF /* Notificatioin */ = {
			isa = PBXGroup;
			children = (
				AEBD46C3285C7E6D00298A53 /* NotificationsViewController.swift */,
			);
			path = Notificatioin;
			sourceTree = "<group>";
		};
		A91DF78F28636F7C00C79BDF /* Reusable */ = {
			isa = PBXGroup;
			children = (
				A91DF796286374A600C79BDF /* BaseViewController.swift */,
				A91DF79028636FA800C79BDF /* EmailTextField.swift */,
				A97FC05E287753FA00B689C1 /* CodeTextField.swift */,
				A91DF792286371B400C79BDF /* PasswordTextField.swift */,
				A91DF7942863726200C79BDF /* LoginButton.swift */,
				A9EF50A8287AD7EE005DF870 /* HideButton.swift */,
				A9A3552F287FED5200116E7E /* AppointmentView.swift */,
				A9192F9B28826EAB00EC5F19 /* ProfileView.swift */,
			);
			path = Reusable;
			sourceTree = "<group>";
		};
		A93D2EB6287541D200DEE1BF /* ViewModel */ = {
			isa = PBXGroup;
			children = (
				A93D2EB7287541E300DEE1BF /* ProfileViewModel.swift */,
			);
			path = ViewModel;
			sourceTree = "<group>";
		};
		A93D2EBD2875662F00DEE1BF /* ViewModel */ = {
			isa = PBXGroup;
			children = (
				A95E5C012875668E00F7D575 /* ForgotPasswordViewModel.swift */,
			);
			path = ViewModel;
			sourceTree = "<group>";
		};
		A9486B49285CE71100E54DAC /* Fonts */ = {
			isa = PBXGroup;
			children = (
				A9EF50A2287AC274005DF870 /* SF-Pro-Text-Medium.otf */,
				A9EF50A4287AC274005DF870 /* SF-Pro-Text-Regular.otf */,
				A9EF50A3287AC274005DF870 /* SF-Pro-Text-Semibold.otf */,
			);
			path = Fonts;
			sourceTree = "<group>";
		};
		A95E5C0328756DCE00F7D575 /* EnterCode */ = {
			isa = PBXGroup;
			children = (
				A9E6C54A287813FA004FC946 /* Model */,
				A9E6C54D2878152E004FC946 /* View */,
				A95E5C062875747300F7D575 /* ViewModel */,
			);
			path = EnterCode;
			sourceTree = "<group>";
		};
		A95E5C062875747300F7D575 /* ViewModel */ = {
			isa = PBXGroup;
			children = (
				A95E5C072875748000F7D575 /* CodeViewModel.swift */,
			);
			path = ViewModel;
			sourceTree = "<group>";
		};
		A971FB80287D69C000CC5E30 /* View */ = {
			isa = PBXGroup;
			children = (
				A9EA71362886A4DB0004961B /* Cells */,
				A9EA7135288682300004961B /* Controller */,
			);
			path = View;
			sourceTree = "<group>";
		};
		A971FB81287D69C600CC5E30 /* Model */ = {
			isa = PBXGroup;
			children = (
				A971FB83287D6A1600CC5E30 /* WeekModel.swift */,
				A9192F9728825FDB00EC5F19 /* Clinic.swift */,
			);
			path = Model;
			sourceTree = "<group>";
		};
		A971FB82287D69CB00CC5E30 /* ViewModel */ = {
			isa = PBXGroup;
			children = (
				A971FB85287D6A6900CC5E30 /* HomeViewModel.swift */,
			);
			path = ViewModel;
			sourceTree = "<group>";
		};
		A979964F2845FEAE00454CEF = {
			isa = PBXGroup;
			children = (
				3C491002285DD8360047A02A /* swiftgen.yml */,
				A979965A2845FEAE00454CEF /* MedTech */,
				A97996592845FEAE00454CEF /* Products */,
				5B26D6509DEFA9A57C68D6E9 /* Pods */,
				3E1F9A88C14075D21AF3ED8D /* Frameworks */,
			);
			sourceTree = "<group>";
		};
		A97996592845FEAE00454CEF /* Products */ = {
			isa = PBXGroup;
			children = (
				A97996582845FEAE00454CEF /* MedTech.app */,
			);
			name = Products;
			sourceTree = "<group>";
		};
		A979965A2845FEAE00454CEF /* MedTech */ = {
			isa = PBXGroup;
			children = (
				A979965B2845FEAE00454CEF /* AppDelegate.swift */,
				A979965D2845FEAE00454CEF /* SceneDelegate.swift */,
				A98EEB9528635E950038C1D2 /* Resources */,
				A9A3552E287F107E00116E7E /* Services */,
				AE5045F82859F3C00047CA62 /* Frames */,
				A901787E284A6C9F00FFFBA2 /* Screens */,
				A97996662845FEAF00454CEF /* LaunchScreen.storyboard */,
				A97996692845FEAF00454CEF /* Info.plist */,
			);
			path = MedTech;
			sourceTree = "<group>";
		};
		A98EEB9528635E950038C1D2 /* Resources */ = {
			isa = PBXGroup;
			children = (
				A9486B49285CE71100E54DAC /* Fonts */,
				A97996642845FEAF00454CEF /* Assets.xcassets */,
				3C491004285DD8B70047A02A /* Colors.xcassets */,
				3C49100B285DE1E90047A02A /* Images.xcassets */,
				3C491007285DDA180047A02A /* GeneratedFonts.swift */,
				3C49100D285DE2B30047A02A /* GeneratedIcons.swift */,
			);
			path = Resources;
			sourceTree = "<group>";
		};
		A9A3552A287F069600116E7E /* Model */ = {
			isa = PBXGroup;
			children = (
				A9A35524287EFF8200116E7E /* Day.swift */,
				A9A35526287F040B00116E7E /* Time.swift */,
				A906FE6A28806BA200FF3E92 /* DoctorVisit.swift */,
				A906FE6C28806D7900FF3E92 /* TimeModel.swift */,
				A970D74B28871F32003B22FD /* ReservedDates.swift */,
			);
			path = Model;
			sourceTree = "<group>";
		};
		A9A3552B287F06A300116E7E /* View */ = {
			isa = PBXGroup;
			children = (
				A9A3552D287F06D000116E7E /* Cells */,
				A9A3552C287F06AB00116E7E /* Controller */,
			);
			path = View;
			sourceTree = "<group>";
		};
		A9A3552C287F06AB00116E7E /* Controller */ = {
			isa = PBXGroup;
			children = (
				A9017881284A6CDB00FFFBA2 /* AppointentViewController.swift */,
			);
			path = Controller;
			sourceTree = "<group>";
		};
		A9A3552D287F06D000116E7E /* Cells */ = {
			isa = PBXGroup;
			children = (
				A9C77FC8287E9DEC00AB6768 /* TimeCollectionViewCell.swift */,
				A9F2BEAA287B232800AA83A4 /* CalendarCollectionViewCell.swift */,
			);
			path = Cells;
			sourceTree = "<group>";
		};
		A9A3552E287F107E00116E7E /* Services */ = {
			isa = PBXGroup;
			children = (
				A9F2BEA8287B20FF00AA83A4 /* CalendarHelper.swift */,
				A9DDAA722874947500FB0257 /* UserDefaultsService.swift */,
				A9DDAA5F2874946200FB0257 /* NetworkService */,
			);
			path = Services;
			sourceTree = "<group>";
		};
		A9B1B3F328636BBE00D15021 /* Auth */ = {
			isa = PBXGroup;
			children = (
				A91DF78728636ECB00C79BDF /* Login */,
				A91DF78928636EE600C79BDF /* NewPassword */,
				A91DF78828636ED400C79BDF /* ForgotPassword */,
				A95E5C0328756DCE00F7D575 /* EnterCode */,
			);
			path = Auth;
			sourceTree = "<group>";
		};
		A9B1B3F428636BD300D15021 /* TabBar */ = {
			isa = PBXGroup;
			children = (
				A9017887284A6D2300FFFBA2 /* TabBarViewController.swift */,
			);
			path = TabBar;
			sourceTree = "<group>";
		};
		A9B1B3F528636BFC00D15021 /* Main */ = {
			isa = PBXGroup;
			children = (
				AEE1C1D4287AD02900D72075 /* TableView */,
				A91DF78A28636EFA00C79BDF /* Home */,
				A91DF78B28636F0100C79BDF /* Appointment */,
				A91DF78C28636F0900C79BDF /* Checklist */,
				A9E6C54E287818FD004FC946 /* MoreChecklist */,
				A91DF78D28636F1100C79BDF /* Profile */,
				A91DF78E28636F1700C79BDF /* Notificatioin */,
			);
			path = Main;
			sourceTree = "<group>";
		};
		A9DDAA5F2874946200FB0257 /* NetworkService */ = {
			isa = PBXGroup;
			children = (
				A9DDAA602874946200FB0257 /* NetworkService.swift */,
				A9DDAA612874946200FB0257 /* BaseRouter.swift */,
				A9DDAA7C2874A29B00FB0257 /* Routers */,
				A9DDAA622874946200FB0257 /* NetworkComponents */,
			);
			path = NetworkService;
			sourceTree = "<group>";
		};
		A9DDAA622874946200FB0257 /* NetworkComponents */ = {
			isa = PBXGroup;
			children = (
				A9DDAA632874946200FB0257 /* StatusCode.swift */,
				A9DDAA642874946200FB0257 /* ProResult.swift */,
				A9DDAA652874946200FB0257 /* NetworkErrors.swift */,
				A9DDAA662874946200FB0257 /* HttpMethod.swift */,
				A9DDAA672874946200FB0257 /* HttpHeader.swift */,
				A9DDAA682874946200FB0257 /* FailureModel */,
			);
			path = NetworkComponents;
			sourceTree = "<group>";
		};
		A9DDAA682874946200FB0257 /* FailureModel */ = {
			isa = PBXGroup;
			children = (
				A9DDAA692874946200FB0257 /* FailureModel.swift */,
			);
			path = FailureModel;
			sourceTree = "<group>";
		};
		A9DDAA77287495C300FB0257 /* ViewModel */ = {
			isa = PBXGroup;
			children = (
				A9DDAA78287495DB00FB0257 /* SignInViewModel.swift */,
			);
			path = ViewModel;
			sourceTree = "<group>";
		};
		A9DDAA7C2874A29B00FB0257 /* Routers */ = {
			isa = PBXGroup;
			children = (
				A9DDAA7A2874A29700FB0257 /* AuthRouter.swift */,
				A9DDAA7D2874A2C600FB0257 /* UserRouter.swift */,
				A93D2EBB28755D5600DEE1BF /* ForgotPassword.swift */,
				A971FB7E287D690800CC5E30 /* BabyDevelopmentRouter.swift */,
				A906FE6528806A7900FF3E92 /* AppointmentsRouter.swift */,
				A9192F992882600B00EC5F19 /* ClinicRouter.swift */,
				A97F4A452882A36000FEEBA9 /* ProfileRouter.swift */,
			);
			path = Routers;
			sourceTree = "<group>";
		};
		A9DDAA7F2874A67D00FB0257 /* View */ = {
			isa = PBXGroup;
			children = (
				A9DDAA842874AED700FB0257 /* Controller */,
			);
			path = View;
			sourceTree = "<group>";
		};
		A9DDAA802874A68900FB0257 /* View */ = {
			isa = PBXGroup;
			children = (
				A9486B47285CE69200E54DAC /* NewPasswordViewController.swift */,
			);
			path = View;
			sourceTree = "<group>";
		};
		A9DDAA812874A69500FB0257 /* Model */ = {
			isa = PBXGroup;
			children = (
				A9DDAA742874953600FB0257 /* SignIn.swift */,
			);
			path = Model;
			sourceTree = "<group>";
		};
		A9DDAA822874A6A900FB0257 /* Model */ = {
			isa = PBXGroup;
			children = (
			);
			path = Model;
			sourceTree = "<group>";
		};
		A9DDAA832874A6B000FB0257 /* ViewModel */ = {
			isa = PBXGroup;
			children = (
				A93D2EB928754EBD00DEE1BF /* NewPasswordViewModel.swift */,
			);
			path = ViewModel;
			sourceTree = "<group>";
		};
		A9DDAA842874AED700FB0257 /* Controller */ = {
			isa = PBXGroup;
			children = (
				A901787F284A6CBF00FFFBA2 /* LoginViewController.swift */,
			);
			path = Controller;
			sourceTree = "<group>";
		};
		A9E6C54A287813FA004FC946 /* Model */ = {
			isa = PBXGroup;
			children = (
				A9E6C54B2878140B004FC946 /* CodeModel.swift */,
			);
			path = Model;
			sourceTree = "<group>";
		};
		A9E6C54D2878152E004FC946 /* View */ = {
			isa = PBXGroup;
			children = (
				A95E5C0428756E2B00F7D575 /* CodeViewController.swift */,
			);
			path = View;
			sourceTree = "<group>";
		};
		A9E6C54E287818FD004FC946 /* MoreChecklist */ = {
			isa = PBXGroup;
			children = (
				A9E6C54F2878192E004FC946 /* MoreChecklistViewController.swift */,
			);
			path = MoreChecklist;
			sourceTree = "<group>";
		};
		A9EA7135288682300004961B /* Controller */ = {
			isa = PBXGroup;
			children = (
				A979965F2845FEAE00454CEF /* HomeViewController.swift */,
			);
			path = Controller;
			sourceTree = "<group>";
		};
		A9EA71362886A4DB0004961B /* Cells */ = {
			isa = PBXGroup;
			children = (
				AEFD2AFA2859F6CD001A6E25 /* CollectionViewCell.swift */,
				A9EA7133288681F70004961B /* WeekTableViewCell.swift */,
			);
			path = Cells;
			sourceTree = "<group>";
		};
		A9EF5097287AAD5B005DF870 /* View */ = {
			isa = PBXGroup;
			children = (
				A9EF509A287AAD85005DF870 /* ChecklistTableViewCell.swift */,
				A9EF5098287AAD63005DF870 /* Controller */,
			);
			path = View;
			sourceTree = "<group>";
		};
		A9EF5098287AAD63005DF870 /* Controller */ = {
			isa = PBXGroup;
			children = (
				A9017883284A6CEC00FFFBA2 /* ChecklistViewController.swift */,
			);
			path = Controller;
			sourceTree = "<group>";
		};
		A9EF509C287AAF01005DF870 /* Model */ = {
			isa = PBXGroup;
			children = (
				A9EF509D287AAF0B005DF870 /* Checklist.swift */,
			);
			path = Model;
			sourceTree = "<group>";
		};
		AE5045F82859F3C00047CA62 /* Frames */ = {
			isa = PBXGroup;
			children = (
				AE5045F92859F3D40047CA62 /* AppUtility.swift */,
			);
			path = Frames;
			sourceTree = "<group>";
		};
		AEE1C1D4287AD02900D72075 /* TableView */ = {
			isa = PBXGroup;
			children = (
				AEE1C1D5287AD14000D72075 /* TableViewCell.swift */,
				AEE1C1D8287AD16800D72075 /* TableViewController.swift */,
				AEE1C1DA287AD1C200D72075 /* DoctorTableViewController.swift */,
				AEE1C1DC287AD1CF00D72075 /* AppointmentTableViewController.swift */,
				AEE1C1DE287ADA8F00D72075 /* AppointmentTableViewCell.swift */,
			);
			path = TableView;
			sourceTree = "<group>";
		};
/* End PBXGroup section */

/* Begin PBXNativeTarget section */
		A97996572845FEAE00454CEF /* MedTech */ = {
			isa = PBXNativeTarget;
			buildConfigurationList = A979966C2845FEAF00454CEF /* Build configuration list for PBXNativeTarget "MedTech" */;
			buildPhases = (
				99ADBA7484B66E1530A419B4 /* [CP] Check Pods Manifest.lock */,
				A97996542845FEAE00454CEF /* Sources */,
				A97996552845FEAE00454CEF /* Frameworks */,
				A97996562845FEAE00454CEF /* Resources */,
				3C491006285DD98C0047A02A /* Run Script */,
				2C08335497F7646438D937A3 /* [CP] Embed Pods Frameworks */,
			);
			buildRules = (
			);
			dependencies = (
			);
			name = MedTech;
			productName = MedTech;
			productReference = A97996582845FEAE00454CEF /* MedTech.app */;
			productType = "com.apple.product-type.application";
		};
/* End PBXNativeTarget section */

/* Begin PBXProject section */
		A97996502845FEAE00454CEF /* Project object */ = {
			isa = PBXProject;
			attributes = {
				BuildIndependentTargetsInParallel = 1;
				LastSwiftUpdateCheck = 1320;
				LastUpgradeCheck = 1320;
				TargetAttributes = {
					A97996572845FEAE00454CEF = {
						CreatedOnToolsVersion = 13.2.1;
					};
				};
			};
			buildConfigurationList = A97996532845FEAE00454CEF /* Build configuration list for PBXProject "MedTech" */;
			compatibilityVersion = "Xcode 13.0";
			developmentRegion = en;
			hasScannedForEncodings = 0;
			knownRegions = (
				en,
				Base,
			);
			mainGroup = A979964F2845FEAE00454CEF;
			productRefGroup = A97996592845FEAE00454CEF /* Products */;
			projectDirPath = "";
			projectRoot = "";
			targets = (
				A97996572845FEAE00454CEF /* MedTech */,
			);
		};
/* End PBXProject section */

/* Begin PBXResourcesBuildPhase section */
		A97996562845FEAE00454CEF /* Resources */ = {
			isa = PBXResourcesBuildPhase;
			buildActionMask = 2147483647;
			files = (
				3C49100C285DE1E90047A02A /* Images.xcassets in Resources */,
				A97996682845FEAF00454CEF /* LaunchScreen.storyboard in Resources */,
				A9B1B3F22863639900D15021 /* swiftgen.yml in Resources */,
				A97996652845FEAF00454CEF /* Assets.xcassets in Resources */,
				A9EF50A5287AC36F005DF870 /* SF-Pro-Text-Medium.otf in Resources */,
				A9EF50A7287AC374005DF870 /* SF-Pro-Text-Semibold.otf in Resources */,
				A9EF50A6287AC372005DF870 /* SF-Pro-Text-Regular.otf in Resources */,
				3C491005285DD8B70047A02A /* Colors.xcassets in Resources */,
			);
			runOnlyForDeploymentPostprocessing = 0;
		};
/* End PBXResourcesBuildPhase section */

/* Begin PBXShellScriptBuildPhase section */
		2C08335497F7646438D937A3 /* [CP] Embed Pods Frameworks */ = {
			isa = PBXShellScriptBuildPhase;
			buildActionMask = 2147483647;
			files = (
			);
			inputFileListPaths = (
				"${PODS_ROOT}/Target Support Files/Pods-MedTech/Pods-MedTech-frameworks-${CONFIGURATION}-input-files.xcfilelist",
			);
			name = "[CP] Embed Pods Frameworks";
			outputFileListPaths = (
				"${PODS_ROOT}/Target Support Files/Pods-MedTech/Pods-MedTech-frameworks-${CONFIGURATION}-output-files.xcfilelist",
			);
			runOnlyForDeploymentPostprocessing = 0;
			shellPath = /bin/sh;
			shellScript = "\"${PODS_ROOT}/Target Support Files/Pods-MedTech/Pods-MedTech-frameworks.sh\"\n";
			showEnvVarsInLog = 0;
		};
		3C491006285DD98C0047A02A /* Run Script */ = {
			isa = PBXShellScriptBuildPhase;
			buildActionMask = 2147483647;
			files = (
			);
			inputFileListPaths = (
			);
			inputPaths = (
			);
			name = "Run Script";
			outputFileListPaths = (
			);
			outputPaths = (
			);
			runOnlyForDeploymentPostprocessing = 0;
			shellPath = /bin/sh;
			shellScript = "if [[ -f \"${PODS_ROOT}/SwiftGen/bin/swiftgen\" ]]; then\n  \"${PODS_ROOT}/SwiftGen/bin/swiftgen\" \nelse\n  echo \"warning: SwiftGen is not installed. Run 'pod install --repo-update' to install it.\"\nfi\n";
		};
		99ADBA7484B66E1530A419B4 /* [CP] Check Pods Manifest.lock */ = {
			isa = PBXShellScriptBuildPhase;
			buildActionMask = 2147483647;
			files = (
			);
			inputFileListPaths = (
			);
			inputPaths = (
				"${PODS_PODFILE_DIR_PATH}/Podfile.lock",
				"${PODS_ROOT}/Manifest.lock",
			);
			name = "[CP] Check Pods Manifest.lock";
			outputFileListPaths = (
			);
			outputPaths = (
				"$(DERIVED_FILE_DIR)/Pods-MedTech-checkManifestLockResult.txt",
			);
			runOnlyForDeploymentPostprocessing = 0;
			shellPath = /bin/sh;
			shellScript = "diff \"${PODS_PODFILE_DIR_PATH}/Podfile.lock\" \"${PODS_ROOT}/Manifest.lock\" > /dev/null\nif [ $? != 0 ] ; then\n    # print error to STDERR\n    echo \"error: The sandbox is not in sync with the Podfile.lock. Run 'pod install' or update your CocoaPods installation.\" >&2\n    exit 1\nfi\n# This output is used by Xcode 'outputs' to avoid re-running this script phase.\necho \"SUCCESS\" > \"${SCRIPT_OUTPUT_FILE_0}\"\n";
			showEnvVarsInLog = 0;
		};
/* End PBXShellScriptBuildPhase section */

/* Begin PBXSourcesBuildPhase section */
		A97996542845FEAE00454CEF /* Sources */ = {
			isa = PBXSourcesBuildPhase;
			buildActionMask = 2147483647;
			files = (
				AEFD2AFB2859F6CD001A6E25 /* CollectionViewCell.swift in Sources */,
				A9F2BEAB287B232800AA83A4 /* CalendarCollectionViewCell.swift in Sources */,
				A9017888284A6D2300FFFBA2 /* TabBarViewController.swift in Sources */,
				A9EA7134288681F70004961B /* WeekTableViewCell.swift in Sources */,
				A9DDAA6A2874946200FB0257 /* NetworkService.swift in Sources */,
				A95E5C082875748000F7D575 /* CodeViewModel.swift in Sources */,
				A91DF793286371B400C79BDF /* PasswordTextField.swift in Sources */,
				A9A35530287FED5200116E7E /* AppointmentView.swift in Sources */,
				AEE1C1DD287AD1CF00D72075 /* AppointmentTableViewController.swift in Sources */,
				A906FE6628806A7900FF3E92 /* AppointmentsRouter.swift in Sources */,
				A93D2EBA28754EBD00DEE1BF /* NewPasswordViewModel.swift in Sources */,
				A9192F9C28826EAB00EC5F19 /* ProfileView.swift in Sources */,
				A91DF797286374A600C79BDF /* BaseViewController.swift in Sources */,
				A9A35525287EFF8200116E7E /* Day.swift in Sources */,
				A95E5C022875668E00F7D575 /* ForgotPasswordViewModel.swift in Sources */,
				A9017882284A6CDB00FFFBA2 /* AppointentViewController.swift in Sources */,
				A9A35527287F040B00116E7E /* Time.swift in Sources */,
				A9DDAA7B2874A29700FB0257 /* AuthRouter.swift in Sources */,
				AE5045FA2859F3D40047CA62 /* AppUtility.swift in Sources */,
				A9DDAA6B2874946200FB0257 /* BaseRouter.swift in Sources */,
				A9DDAA79287495DB00FB0257 /* SignInViewModel.swift in Sources */,
				A9017884284A6CEC00FFFBA2 /* ChecklistViewController.swift in Sources */,
				A95E5C0528756E2B00F7D575 /* CodeViewController.swift in Sources */,
				A9DDAA702874946200FB0257 /* HttpHeader.swift in Sources */,
				A97FC05F287753FA00B689C1 /* CodeTextField.swift in Sources */,
				A971FB86287D6A6900CC5E30 /* HomeViewModel.swift in Sources */,
				AEBD46C4285C7E6D00298A53 /* NotificationsViewController.swift in Sources */,
				A9DDAA7E2874A2C600FB0257 /* UserRouter.swift in Sources */,
				A9DDAA6C2874946200FB0257 /* StatusCode.swift in Sources */,
				A9017880284A6CBF00FFFBA2 /* LoginViewController.swift in Sources */,
				A9E6C54C2878140B004FC946 /* CodeModel.swift in Sources */,
				AE7EAEA32881D3AF003A01EB /* EditProfileViewController.swift in Sources */,
				AEE1C1D9287AD16800D72075 /* TableViewController.swift in Sources */,
				3C49100E285DE2B30047A02A /* GeneratedIcons.swift in Sources */,
				A97F4A462882A36000FEEBA9 /* ProfileRouter.swift in Sources */,
				A971FB7F287D690800CC5E30 /* BabyDevelopmentRouter.swift in Sources */,
				A9DDAA752874953600FB0257 /* SignIn.swift in Sources */,
				A9F2BEA9287B20FF00AA83A4 /* CalendarHelper.swift in Sources */,
				A9DDAA6D2874946200FB0257 /* ProResult.swift in Sources */,
				A971FB84287D6A1600CC5E30 /* WeekModel.swift in Sources */,
				A906FE6B28806BA300FF3E92 /* DoctorVisit.swift in Sources */,
				A9EF509E287AAF0B005DF870 /* Checklist.swift in Sources */,
				3C491008285DDA180047A02A /* GeneratedFonts.swift in Sources */,
				A9192F9828825FDB00EC5F19 /* Clinic.swift in Sources */,
				A91DF7952863726200C79BDF /* LoginButton.swift in Sources */,
				A9DDAA6E2874946200FB0257 /* NetworkErrors.swift in Sources */,
				A97996602845FEAE00454CEF /* HomeViewController.swift in Sources */,
				A906FE6D28806D7900FF3E92 /* TimeModel.swift in Sources */,
				AEE1C1D6287AD14000D72075 /* TableViewCell.swift in Sources */,
				A9DDAA732874947500FB0257 /* UserDefaultsService.swift in Sources */,
				A91DF79128636FA800C79BDF /* EmailTextField.swift in Sources */,
				A9486B48285CE69200E54DAC /* NewPasswordViewController.swift in Sources */,
				AEE1C1DF287ADA8F00D72075 /* AppointmentTableViewCell.swift in Sources */,
				AEE1C1DB287AD1C200D72075 /* DoctorTableViewController.swift in Sources */,
				A9C77FC9287E9DED00AB6768 /* TimeCollectionViewCell.swift in Sources */,
				A9486B46285CE66500E54DAC /* ForgotPasswordViewController.swift in Sources */,
				A9DDAA712874946200FB0257 /* FailureModel.swift in Sources */,
				A93D2EB8287541E300DEE1BF /* ProfileViewModel.swift in Sources */,
				A906FE6928806B5A00FF3E92 /* AppoitmentViewModel.swift in Sources */,
				A9017886284A6CF700FFFBA2 /* ProfileViewController.swift in Sources */,
				A93D2EBC28755D5600DEE1BF /* ForgotPassword.swift in Sources */,
				A9DDAA6F2874946200FB0257 /* HttpMethod.swift in Sources */,
				A9E6C5502878192E004FC946 /* MoreChecklistViewController.swift in Sources */,
				A979965C2845FEAE00454CEF /* AppDelegate.swift in Sources */,
				A9EF509B287AAD85005DF870 /* ChecklistTableViewCell.swift in Sources */,
				A979965E2845FEAE00454CEF /* SceneDelegate.swift in Sources */,
				A9192F9A2882600B00EC5F19 /* ClinicRouter.swift in Sources */,
				A9EF50A9287AD7EE005DF870 /* HideButton.swift in Sources */,
				A970D74C28871F32003B22FD /* ReservedDates.swift in Sources */,
				A97F4A442882A29D00FEEBA9 /* Patient.swift in Sources */,
			);
			runOnlyForDeploymentPostprocessing = 0;
		};
/* End PBXSourcesBuildPhase section */

/* Begin PBXVariantGroup section */
		A97996662845FEAF00454CEF /* LaunchScreen.storyboard */ = {
			isa = PBXVariantGroup;
			children = (
				A97996672845FEAF00454CEF /* Base */,
			);
			name = LaunchScreen.storyboard;
			sourceTree = "<group>";
		};
/* End PBXVariantGroup section */

/* Begin XCBuildConfiguration section */
		A979966A2845FEAF00454CEF /* Debug */ = {
			isa = XCBuildConfiguration;
			buildSettings = {
				ALWAYS_SEARCH_USER_PATHS = NO;
				CLANG_ANALYZER_NONNULL = YES;
				CLANG_ANALYZER_NUMBER_OBJECT_CONVERSION = YES_AGGRESSIVE;
				CLANG_CXX_LANGUAGE_STANDARD = "gnu++17";
				CLANG_CXX_LIBRARY = "libc++";
				CLANG_ENABLE_MODULES = YES;
				CLANG_ENABLE_OBJC_ARC = YES;
				CLANG_ENABLE_OBJC_WEAK = YES;
				CLANG_WARN_BLOCK_CAPTURE_AUTORELEASING = YES;
				CLANG_WARN_BOOL_CONVERSION = YES;
				CLANG_WARN_COMMA = YES;
				CLANG_WARN_CONSTANT_CONVERSION = YES;
				CLANG_WARN_DEPRECATED_OBJC_IMPLEMENTATIONS = YES;
				CLANG_WARN_DIRECT_OBJC_ISA_USAGE = YES_ERROR;
				CLANG_WARN_DOCUMENTATION_COMMENTS = YES;
				CLANG_WARN_EMPTY_BODY = YES;
				CLANG_WARN_ENUM_CONVERSION = YES;
				CLANG_WARN_INFINITE_RECURSION = YES;
				CLANG_WARN_INT_CONVERSION = YES;
				CLANG_WARN_NON_LITERAL_NULL_CONVERSION = YES;
				CLANG_WARN_OBJC_IMPLICIT_RETAIN_SELF = YES;
				CLANG_WARN_OBJC_LITERAL_CONVERSION = YES;
				CLANG_WARN_OBJC_ROOT_CLASS = YES_ERROR;
				CLANG_WARN_QUOTED_INCLUDE_IN_FRAMEWORK_HEADER = YES;
				CLANG_WARN_RANGE_LOOP_ANALYSIS = YES;
				CLANG_WARN_STRICT_PROTOTYPES = YES;
				CLANG_WARN_SUSPICIOUS_MOVE = YES;
				CLANG_WARN_UNGUARDED_AVAILABILITY = YES_AGGRESSIVE;
				CLANG_WARN_UNREACHABLE_CODE = YES;
				CLANG_WARN__DUPLICATE_METHOD_MATCH = YES;
				COPY_PHASE_STRIP = NO;
				DEBUG_INFORMATION_FORMAT = dwarf;
				ENABLE_STRICT_OBJC_MSGSEND = YES;
				ENABLE_TESTABILITY = YES;
				GCC_C_LANGUAGE_STANDARD = gnu11;
				GCC_DYNAMIC_NO_PIC = NO;
				GCC_NO_COMMON_BLOCKS = YES;
				GCC_OPTIMIZATION_LEVEL = 0;
				GCC_PREPROCESSOR_DEFINITIONS = (
					"DEBUG=1",
					"$(inherited)",
				);
				GCC_WARN_64_TO_32_BIT_CONVERSION = YES;
				GCC_WARN_ABOUT_RETURN_TYPE = YES_ERROR;
				GCC_WARN_UNDECLARED_SELECTOR = YES;
				GCC_WARN_UNINITIALIZED_AUTOS = YES_AGGRESSIVE;
				GCC_WARN_UNUSED_FUNCTION = YES;
				GCC_WARN_UNUSED_VARIABLE = YES;
				IPHONEOS_DEPLOYMENT_TARGET = 15.2;
				MTL_ENABLE_DEBUG_INFO = INCLUDE_SOURCE;
				MTL_FAST_MATH = YES;
				ONLY_ACTIVE_ARCH = YES;
				SDKROOT = iphoneos;
				SWIFT_ACTIVE_COMPILATION_CONDITIONS = DEBUG;
				SWIFT_OPTIMIZATION_LEVEL = "-Onone";
			};
			name = Debug;
		};
		A979966B2845FEAF00454CEF /* Release */ = {
			isa = XCBuildConfiguration;
			buildSettings = {
				ALWAYS_SEARCH_USER_PATHS = NO;
				CLANG_ANALYZER_NONNULL = YES;
				CLANG_ANALYZER_NUMBER_OBJECT_CONVERSION = YES_AGGRESSIVE;
				CLANG_CXX_LANGUAGE_STANDARD = "gnu++17";
				CLANG_CXX_LIBRARY = "libc++";
				CLANG_ENABLE_MODULES = YES;
				CLANG_ENABLE_OBJC_ARC = YES;
				CLANG_ENABLE_OBJC_WEAK = YES;
				CLANG_WARN_BLOCK_CAPTURE_AUTORELEASING = YES;
				CLANG_WARN_BOOL_CONVERSION = YES;
				CLANG_WARN_COMMA = YES;
				CLANG_WARN_CONSTANT_CONVERSION = YES;
				CLANG_WARN_DEPRECATED_OBJC_IMPLEMENTATIONS = YES;
				CLANG_WARN_DIRECT_OBJC_ISA_USAGE = YES_ERROR;
				CLANG_WARN_DOCUMENTATION_COMMENTS = YES;
				CLANG_WARN_EMPTY_BODY = YES;
				CLANG_WARN_ENUM_CONVERSION = YES;
				CLANG_WARN_INFINITE_RECURSION = YES;
				CLANG_WARN_INT_CONVERSION = YES;
				CLANG_WARN_NON_LITERAL_NULL_CONVERSION = YES;
				CLANG_WARN_OBJC_IMPLICIT_RETAIN_SELF = YES;
				CLANG_WARN_OBJC_LITERAL_CONVERSION = YES;
				CLANG_WARN_OBJC_ROOT_CLASS = YES_ERROR;
				CLANG_WARN_QUOTED_INCLUDE_IN_FRAMEWORK_HEADER = YES;
				CLANG_WARN_RANGE_LOOP_ANALYSIS = YES;
				CLANG_WARN_STRICT_PROTOTYPES = YES;
				CLANG_WARN_SUSPICIOUS_MOVE = YES;
				CLANG_WARN_UNGUARDED_AVAILABILITY = YES_AGGRESSIVE;
				CLANG_WARN_UNREACHABLE_CODE = YES;
				CLANG_WARN__DUPLICATE_METHOD_MATCH = YES;
				COPY_PHASE_STRIP = NO;
				DEBUG_INFORMATION_FORMAT = "dwarf-with-dsym";
				ENABLE_NS_ASSERTIONS = NO;
				ENABLE_STRICT_OBJC_MSGSEND = YES;
				GCC_C_LANGUAGE_STANDARD = gnu11;
				GCC_NO_COMMON_BLOCKS = YES;
				GCC_WARN_64_TO_32_BIT_CONVERSION = YES;
				GCC_WARN_ABOUT_RETURN_TYPE = YES_ERROR;
				GCC_WARN_UNDECLARED_SELECTOR = YES;
				GCC_WARN_UNINITIALIZED_AUTOS = YES_AGGRESSIVE;
				GCC_WARN_UNUSED_FUNCTION = YES;
				GCC_WARN_UNUSED_VARIABLE = YES;
				IPHONEOS_DEPLOYMENT_TARGET = 15.2;
				MTL_ENABLE_DEBUG_INFO = NO;
				MTL_FAST_MATH = YES;
				SDKROOT = iphoneos;
				SWIFT_COMPILATION_MODE = wholemodule;
				SWIFT_OPTIMIZATION_LEVEL = "-O";
				VALIDATE_PRODUCT = YES;
			};
			name = Release;
		};
		A979966D2845FEAF00454CEF /* Debug */ = {
			isa = XCBuildConfiguration;
			baseConfigurationReference = C3EA1D763C72A979A4335489 /* Pods-MedTech.debug.xcconfig */;
			buildSettings = {
				ASSETCATALOG_COMPILER_APPICON_NAME = AppIcon;
				ASSETCATALOG_COMPILER_GLOBAL_ACCENT_COLOR_NAME = AccentColor;
				CODE_SIGN_ENTITLEMENTS = MedTech/MedTech.entitlements;
				CODE_SIGN_STYLE = Automatic;
				CURRENT_PROJECT_VERSION = 1;
				DEVELOPMENT_TEAM = V3G3959732;
				GENERATE_INFOPLIST_FILE = YES;
				INFOPLIST_FILE = MedTech/Info.plist;
				INFOPLIST_KEY_UIApplicationSupportsIndirectInputEvents = YES;
				INFOPLIST_KEY_UILaunchStoryboardName = LaunchScreen;
				INFOPLIST_KEY_UISupportedInterfaceOrientations = UIInterfaceOrientationPortrait;
				INFOPLIST_KEY_UISupportedInterfaceOrientations_iPad = "UIInterfaceOrientationPortrait UIInterfaceOrientationPortraitUpsideDown UIInterfaceOrientationLandscapeLeft UIInterfaceOrientationLandscapeRight";
				INFOPLIST_KEY_UISupportedInterfaceOrientations_iPhone = "UIInterfaceOrientationPortrait UIInterfaceOrientationLandscapeLeft UIInterfaceOrientationLandscapeRight";
				IPHONEOS_DEPLOYMENT_TARGET = 15.2;
				LD_RUNPATH_SEARCH_PATHS = (
					"$(inherited)",
					"@executable_path/Frameworks",
				);
				MARKETING_VERSION = 1.0;
				PRODUCT_BUNDLE_IDENTIFIER = com.team5.MedTech;
				PRODUCT_NAME = "$(TARGET_NAME)";
				SWIFT_EMIT_LOC_STRINGS = YES;
				SWIFT_VERSION = 5.0;
				TARGETED_DEVICE_FAMILY = "1,2";
			};
			name = Debug;
		};
		A979966E2845FEAF00454CEF /* Release */ = {
			isa = XCBuildConfiguration;
			baseConfigurationReference = 92FE2E667328E6DFEC194CBD /* Pods-MedTech.release.xcconfig */;
			buildSettings = {
				ASSETCATALOG_COMPILER_APPICON_NAME = AppIcon;
				ASSETCATALOG_COMPILER_GLOBAL_ACCENT_COLOR_NAME = AccentColor;
				CODE_SIGN_ENTITLEMENTS = MedTech/MedTech.entitlements;
				CODE_SIGN_STYLE = Automatic;
				CURRENT_PROJECT_VERSION = 1;
				DEVELOPMENT_TEAM = V3G3959732;
				GENERATE_INFOPLIST_FILE = YES;
				INFOPLIST_FILE = MedTech/Info.plist;
				INFOPLIST_KEY_UIApplicationSupportsIndirectInputEvents = YES;
				INFOPLIST_KEY_UILaunchStoryboardName = LaunchScreen;
				INFOPLIST_KEY_UISupportedInterfaceOrientations = UIInterfaceOrientationPortrait;
				INFOPLIST_KEY_UISupportedInterfaceOrientations_iPad = "UIInterfaceOrientationPortrait UIInterfaceOrientationPortraitUpsideDown UIInterfaceOrientationLandscapeLeft UIInterfaceOrientationLandscapeRight";
				INFOPLIST_KEY_UISupportedInterfaceOrientations_iPhone = "UIInterfaceOrientationPortrait UIInterfaceOrientationLandscapeLeft UIInterfaceOrientationLandscapeRight";
				IPHONEOS_DEPLOYMENT_TARGET = 15.2;
				LD_RUNPATH_SEARCH_PATHS = (
					"$(inherited)",
					"@executable_path/Frameworks",
				);
				MARKETING_VERSION = 1.0;
				PRODUCT_BUNDLE_IDENTIFIER = com.team5.MedTech;
				PRODUCT_NAME = "$(TARGET_NAME)";
				SWIFT_EMIT_LOC_STRINGS = YES;
				SWIFT_VERSION = 5.0;
				TARGETED_DEVICE_FAMILY = "1,2";
			};
			name = Release;
		};
/* End XCBuildConfiguration section */

/* Begin XCConfigurationList section */
		A97996532845FEAE00454CEF /* Build configuration list for PBXProject "MedTech" */ = {
			isa = XCConfigurationList;
			buildConfigurations = (
				A979966A2845FEAF00454CEF /* Debug */,
				A979966B2845FEAF00454CEF /* Release */,
			);
			defaultConfigurationIsVisible = 0;
			defaultConfigurationName = Release;
		};
		A979966C2845FEAF00454CEF /* Build configuration list for PBXNativeTarget "MedTech" */ = {
			isa = XCConfigurationList;
			buildConfigurations = (
				A979966D2845FEAF00454CEF /* Debug */,
				A979966E2845FEAF00454CEF /* Release */,
			);
			defaultConfigurationIsVisible = 0;
			defaultConfigurationName = Release;
		};
/* End XCConfigurationList section */
	};
	rootObject = A97996502845FEAE00454CEF /* Project object */;
}
